
Microsoft Visual Studio Solution File, Format Version 12.00
# Visual Studio 15
VisualStudioVersion = 15.0.27703.2042
MinimumVisualStudioVersion = 10.0.40219.1
Project("{FAE04EC0-301F-11D3-BF4B-00C04F79EFBC}") = "XMLFeed", "XMLFeed\XMLFeed.csproj", "{E35EBB3A-1B7A-4D45-8E15-149B81E02A1D}"
EndProject
Project("{FAE04EC0-301F-11D3-BF4B-00C04F79EFBC}") = "XMLFeed.Tests", "XMLFeed.Tests\XMLFeed.Tests.csproj", "{C25ABAD4-487C-48EA-AA1E-5EE1915FA4A7}"
EndProject
Global
	GlobalSection(SolutionConfigurationPlatforms) = preSolution
		Debug|Any CPU = Debug|Any CPU
		Release|Any CPU = Release|Any CPU
	EndGlobalSection
	GlobalSection(ProjectConfigurationPlatforms) = postSolution
		{E35EBB3A-1B7A-4D45-8E15-149B81E02A1D}.Debug|Any CPU.ActiveCfg = Debug|Any CPU
		{E35EBB3A-1B7A-4D45-8E15-149B81E02A1D}.Debug|Any CPU.Build.0 = Debug|Any CPU
		{E35EBB3A-1B7A-4D45-8E15-149B81E02A1D}.Release|Any CPU.ActiveCfg = Release|Any CPU
		{E35EBB3A-1B7A-4D45-8E15-149B81E02A1D}.Release|Any CPU.Build.0 = Release|Any CPU
		{C25ABAD4-487C-48EA-AA1E-5EE1915FA4A7}.Debug|Any CPU.ActiveCfg = Debug|Any CPU
		{C25ABAD4-487C-48EA-AA1E-5EE1915FA4A7}.Debug|Any CPU.Build.0 = Debug|Any CPU
		{C25ABAD4-487C-48EA-AA1E-5EE1915FA4A7}.Release|Any CPU.ActiveCfg = Release|Any CPU
		{C25ABAD4-487C-48EA-AA1E-5EE1915FA4A7}.Release|Any CPU.Build.0 = Release|Any CPU
	EndGlobalSection
	GlobalSection(SolutionProperties) = preSolution
		HideSolutionNode = FALSE
	EndGlobalSection
	GlobalSection(ExtensibilityGlobals) = postSolution
		SolutionGuid = {1B51CA12-5859-4452-9C8F-C8DBE26FE730}
	EndGlobalSection
EndGlobal
